
Microsoft Visual Studio Solution File, Format Version 12.00
# Visual Studio 2012
Project("{8BC9CEB8-8B4A-11D0-8D11-00A0C91BC942}") = "multires", "multires.vcxproj", "{6ECA0973-8A37-4857-BDF3-7532BE1B11C9}"
EndProject
Global
	GlobalSection(SolutionConfigurationPlatforms) = preSolution
		Debug|Win32 = Debug|Win32
		Release|Win32 = Release|Win32
	EndGlobalSection
	GlobalSection(ProjectConfigurationPlatforms) = postSolution
		{6ECA0973-8A37-4857-BDF3-7532BE1B11C9}.Debug|Win32.ActiveCfg = Debug|Win32
		{6ECA0973-8A37-4857-BDF3-7532BE1B11C9}.Debug|Win32.Build.0 = Debug|Win32
		{6ECA0973-8A37-4857-BDF3-7532BE1B11C9}.Release|Win32.ActiveCfg = Release|Win32
		{6ECA0973-8A37-4857-BDF3-7532BE1B11C9}.Release|Win32.Build.0 = Release|Win32
	EndGlobalSection
	GlobalSection(SolutionProperties) = preSolution
		HideSolutionNode = FALSE
	EndGlobalSection
EndGlobal
